// !$*UTF8*$!
{
	archiveVersion = 1;
	classes = {
	};
	objectVersion = 55;
	objects = {

/* Begin PBXBuildFile section */
		330199B82980B4CF000CE96E /* main.cpp in Sources */ = {isa = PBXBuildFile; fileRef = 330199B72980B4CF000CE96E /* main.cpp */; };
		330199C0298211AE000CE96E /* OpenGL.framework in Frameworks */ = {isa = PBXBuildFile; fileRef = 330199BF298211AE000CE96E /* OpenGL.framework */; };
		330199C22982123A000CE96E /* libglfw.3.3.dylib in Frameworks */ = {isa = PBXBuildFile; fileRef = 330199C12982123A000CE96E /* libglfw.3.3.dylib */; };
		330199C629821255000CE96E /* libGLEW.2.2.0.dylib in Frameworks */ = {isa = PBXBuildFile; fileRef = 330199C529821255000CE96E /* libGLEW.2.2.0.dylib */; };
		3368E723298213B70074B885 /* libGLEW.2.2.0.dylib in Embed Libraries */ = {isa = PBXBuildFile; fileRef = 330199C529821255000CE96E /* libGLEW.2.2.0.dylib */; settings = {ATTRIBUTES = (CodeSignOnCopy, ); }; };
		3368E725298213B90074B885 /* libglfw.3.3.dylib in Embed Libraries */ = {isa = PBXBuildFile; fileRef = 330199C12982123A000CE96E /* libglfw.3.3.dylib */; settings = {ATTRIBUTES = (CodeSignOnCopy, ); }; };
		3368E7272982155D0074B885 /* glad.c in Sources */ = {isa = PBXBuildFile; fileRef = 3368E7262982155D0074B885 /* glad.c */; };
		3368E72D29843D3C0074B885 /* WindowManager.cpp in Sources */ = {isa = PBXBuildFile; fileRef = 3368E72B29843D3C0074B885 /* WindowManager.cpp */; };
		3368E735298DB7540074B885 /* game.cpp in Sources */ = {isa = PBXBuildFile; fileRef = 3368E733298DB7540074B885 /* game.cpp */; };
		3368E738298DB7AF0074B885 /* resource_manager.cpp in Sources */ = {isa = PBXBuildFile; fileRef = 3368E736298DB7AF0074B885 /* resource_manager.cpp */; };
		3368E73B298DB82F0074B885 /* texture.cpp in Sources */ = {isa = PBXBuildFile; fileRef = 3368E739298DB82F0074B885 /* texture.cpp */; };
		3368E73E298DB8560074B885 /* shader.cpp in Sources */ = {isa = PBXBuildFile; fileRef = 3368E73C298DB8560074B885 /* shader.cpp */; };
		3368E742298EABEB0074B885 /* sprite_renderer.cpp in Sources */ = {isa = PBXBuildFile; fileRef = 3368E740298EABEB0074B885 /* sprite_renderer.cpp */; };
		3368E746298EB1C80074B885 /* sprite.vs in Sources */ = {isa = PBXBuildFile; fileRef = 3368E745298EB1C80074B885 /* sprite.vs */; };
		3368E748298EB1EF0074B885 /* sprite.frag in Sources */ = {isa = PBXBuildFile; fileRef = 3368E747298EB1EF0074B885 /* sprite.frag */; };
		3368E74F298EF9810074B885 /* GameObject.cpp in Sources */ = {isa = PBXBuildFile; fileRef = 3368E74D298EF9810074B885 /* GameObject.cpp */; };
		3368E756298EFE3D0074B885 /* GameLevel.cpp in Sources */ = {isa = PBXBuildFile; fileRef = 3368E754298EFE3D0074B885 /* GameLevel.cpp */; };
/* End PBXBuildFile section */

/* Begin PBXCopyFilesBuildPhase section */
		330199B22980B4CF000CE96E /* CopyFiles */ = {
			isa = PBXCopyFilesBuildPhase;
			buildActionMask = 2147483647;
			dstPath = /usr/share/man/man1/;
			dstSubfolderSpec = 0;
			files = (
			);
			runOnlyForDeploymentPostprocessing = 1;
		};
		3368E724298213B80074B885 /* Embed Libraries */ = {
			isa = PBXCopyFilesBuildPhase;
			buildActionMask = 2147483647;
			dstPath = "";
			dstSubfolderSpec = 10;
			files = (
				3368E725298213B90074B885 /* libglfw.3.3.dylib in Embed Libraries */,
				3368E723298213B70074B885 /* libGLEW.2.2.0.dylib in Embed Libraries */,
			);
			name = "Embed Libraries";
			runOnlyForDeploymentPostprocessing = 0;
		};
/* End PBXCopyFilesBuildPhase section */

/* Begin PBXFileReference section */
		330199B42980B4CF000CE96E /* Game-Thing */ = {isa = PBXFileReference; explicitFileType = "compiled.mach-o.executable"; includeInIndex = 0; path = "Game-Thing"; sourceTree = BUILT_PRODUCTS_DIR; };
		330199B72980B4CF000CE96E /* main.cpp */ = {isa = PBXFileReference; lastKnownFileType = sourcecode.cpp.cpp; path = main.cpp; sourceTree = "<group>"; };
		330199BF298211AE000CE96E /* OpenGL.framework */ = {isa = PBXFileReference; lastKnownFileType = wrapper.framework; name = OpenGL.framework; path = System/Library/Frameworks/OpenGL.framework; sourceTree = SDKROOT; };
		330199C12982123A000CE96E /* libglfw.3.3.dylib */ = {isa = PBXFileReference; lastKnownFileType = "compiled.mach-o.dylib"; name = libglfw.3.3.dylib; path = ../../../../usr/local/Cellar/glfw/3.3.8/lib/libglfw.3.3.dylib; sourceTree = "<group>"; };
		330199C529821255000CE96E /* libGLEW.2.2.0.dylib */ = {isa = PBXFileReference; lastKnownFileType = "compiled.mach-o.dylib"; name = libGLEW.2.2.0.dylib; path = ../../../../usr/local/Cellar/glew/2.2.0_1/lib/libGLEW.2.2.0.dylib; sourceTree = "<group>"; };
		3368E7262982155D0074B885 /* glad.c */ = {isa = PBXFileReference; fileEncoding = 4; lastKnownFileType = sourcecode.c.c; name = glad.c; path = ../../Downloads/glad/src/glad.c; sourceTree = "<group>"; };
		3368E728298438320074B885 /* Window.hpp */ = {isa = PBXFileReference; lastKnownFileType = sourcecode.cpp.h; path = Window.hpp; sourceTree = "<group>"; };
		3368E72B29843D3C0074B885 /* WindowManager.cpp */ = {isa = PBXFileReference; lastKnownFileType = sourcecode.cpp.cpp; path = WindowManager.cpp; sourceTree = "<group>"; };
		3368E72C29843D3C0074B885 /* WindowManager.hpp */ = {isa = PBXFileReference; lastKnownFileType = sourcecode.cpp.h; path = WindowManager.hpp; sourceTree = "<group>"; };
		3368E733298DB7540074B885 /* game.cpp */ = {isa = PBXFileReference; lastKnownFileType = sourcecode.cpp.cpp; path = game.cpp; sourceTree = "<group>"; };
		3368E734298DB7540074B885 /* game.h */ = {isa = PBXFileReference; lastKnownFileType = sourcecode.c.h; path = game.h; sourceTree = "<group>"; };
		3368E736298DB7AF0074B885 /* resource_manager.cpp */ = {isa = PBXFileReference; lastKnownFileType = sourcecode.cpp.cpp; path = resource_manager.cpp; sourceTree = "<group>"; };
		3368E737298DB7AF0074B885 /* resource_manager.h */ = {isa = PBXFileReference; lastKnownFileType = sourcecode.c.h; path = resource_manager.h; sourceTree = "<group>"; };
		3368E739298DB82F0074B885 /* texture.cpp */ = {isa = PBXFileReference; lastKnownFileType = sourcecode.cpp.cpp; path = texture.cpp; sourceTree = "<group>"; };
		3368E73A298DB82F0074B885 /* texture.h */ = {isa = PBXFileReference; lastKnownFileType = sourcecode.c.h; path = texture.h; sourceTree = "<group>"; };
		3368E73C298DB8560074B885 /* shader.cpp */ = {isa = PBXFileReference; lastKnownFileType = sourcecode.cpp.cpp; path = shader.cpp; sourceTree = "<group>"; };
		3368E73D298DB8560074B885 /* shader.h */ = {isa = PBXFileReference; lastKnownFileType = sourcecode.c.h; path = shader.h; sourceTree = "<group>"; };
		3368E73F298DB8CC0074B885 /* stb_image.h */ = {isa = PBXFileReference; lastKnownFileType = sourcecode.c.h; path = stb_image.h; sourceTree = "<group>"; };
		3368E740298EABEB0074B885 /* sprite_renderer.cpp */ = {isa = PBXFileReference; lastKnownFileType = sourcecode.cpp.cpp; path = sprite_renderer.cpp; sourceTree = "<group>"; };
		3368E741298EABEB0074B885 /* sprite_renderer.h */ = {isa = PBXFileReference; lastKnownFileType = sourcecode.c.h; path = sprite_renderer.h; sourceTree = "<group>"; };
		3368E745298EB1C80074B885 /* sprite.vs */ = {isa = PBXFileReference; lastKnownFileType = sourcecode.glsl; path = sprite.vs; sourceTree = "<group>"; };
		3368E747298EB1EF0074B885 /* sprite.frag */ = {isa = PBXFileReference; lastKnownFileType = sourcecode.glsl; path = sprite.frag; sourceTree = "<group>"; };
		3368E749298EB2620074B885 /* awesomeface.png */ = {isa = PBXFileReference; lastKnownFileType = image.png; path = awesomeface.png; sourceTree = "<group>"; };
		3368E74D298EF9810074B885 /* GameObject.cpp */ = {isa = PBXFileReference; lastKnownFileType = sourcecode.cpp.cpp; path = GameObject.cpp; sourceTree = "<group>"; };
		3368E74E298EF9810074B885 /* GameObject.hpp */ = {isa = PBXFileReference; lastKnownFileType = sourcecode.cpp.h; path = GameObject.hpp; sourceTree = "<group>"; };
		3368E754298EFE3D0074B885 /* GameLevel.cpp */ = {isa = PBXFileReference; lastKnownFileType = sourcecode.cpp.cpp; path = GameLevel.cpp; sourceTree = "<group>"; };
		3368E755298EFE3D0074B885 /* GameLevel.hpp */ = {isa = PBXFileReference; lastKnownFileType = sourcecode.cpp.h; path = GameLevel.hpp; sourceTree = "<group>"; };
		3368E757298EFF6A0074B885 /* block.png */ = {isa = PBXFileReference; lastKnownFileType = image.png; path = block.png; sourceTree = "<group>"; };
		3368E758298EFF710074B885 /* block_solid.png */ = {isa = PBXFileReference; lastKnownFileType = image.png; path = block_solid.png; sourceTree = "<group>"; };
		3368E75A298EFFEB0074B885 /* one.lvl */ = {isa = PBXFileReference; lastKnownFileType = text; path = one.lvl; sourceTree = "<group>"; };
		3368E75B298F003E0074B885 /* background.jpg */ = {isa = PBXFileReference; lastKnownFileType = image.jpeg; path = background.jpg; sourceTree = "<group>"; };
		3368E75C298F01710074B885 /* two.lvl */ = {isa = PBXFileReference; lastKnownFileType = text; path = two.lvl; sourceTree = "<group>"; };
		3368E75D298F018B0074B885 /* three.lvl */ = {isa = PBXFileReference; lastKnownFileType = text; path = three.lvl; sourceTree = "<group>"; };
		3368E75E298F019F0074B885 /* four.lvl */ = {isa = PBXFileReference; lastKnownFileType = text; path = four.lvl; sourceTree = "<group>"; };
		3368E75F298F04CF0074B885 /* paddle.png */ = {isa = PBXFileReference; lastKnownFileType = image.png; path = paddle.png; sourceTree = "<group>"; };
/* End PBXFileReference section */

/* Begin PBXFrameworksBuildPhase section */
		330199B12980B4CF000CE96E /* Frameworks */ = {
			isa = PBXFrameworksBuildPhase;
			buildActionMask = 2147483647;
			files = (
				330199C22982123A000CE96E /* libglfw.3.3.dylib in Frameworks */,
				330199C629821255000CE96E /* libGLEW.2.2.0.dylib in Frameworks */,
				330199C0298211AE000CE96E /* OpenGL.framework in Frameworks */,
			);
			runOnlyForDeploymentPostprocessing = 0;
		};
/* End PBXFrameworksBuildPhase section */

/* Begin PBXGroup section */
		330199AB2980B4CF000CE96E = {
			isa = PBXGroup;
			children = (
				3368E7262982155D0074B885 /* glad.c */,
				330199B62980B4CF000CE96E /* Game-Thing */,
				330199B52980B4CF000CE96E /* Products */,
				330199BE298211AE000CE96E /* Frameworks */,
			);
			sourceTree = "<group>";
		};
		330199B52980B4CF000CE96E /* Products */ = {
			isa = PBXGroup;
			children = (
				330199B42980B4CF000CE96E /* Game-Thing */,
			);
			name = Products;
			sourceTree = "<group>";
		};
		330199B62980B4CF000CE96E /* Game-Thing */ = {
			isa = PBXGroup;
			children = (
				3368E759298EFFCA0074B885 /* levels */,
				3368E752298EFDBE0074B885 /* window */,
				3368E751298EFDB00074B885 /* rendering */,
				3368E750298EFDAA0074B885 /* game */,
				3368E744298EB1970074B885 /* shaders */,
				3368E743298EB18B0074B885 /* textures */,
				330199B72980B4CF000CE96E /* main.cpp */,
			);
			path = "Game-Thing";
			sourceTree = "<group>";
		};
		330199BE298211AE000CE96E /* Frameworks */ = {
			isa = PBXGroup;
			children = (
				330199C529821255000CE96E /* libGLEW.2.2.0.dylib */,
				330199C12982123A000CE96E /* libglfw.3.3.dylib */,
				330199BF298211AE000CE96E /* OpenGL.framework */,
			);
			name = Frameworks;
			sourceTree = "<group>";
		};
		3368E743298EB18B0074B885 /* textures */ = {
			isa = PBXGroup;
			children = (
				3368E75F298F04CF0074B885 /* paddle.png */,
				3368E75B298F003E0074B885 /* background.jpg */,
				3368E758298EFF710074B885 /* block_solid.png */,
				3368E757298EFF6A0074B885 /* block.png */,
				3368E749298EB2620074B885 /* awesomeface.png */,
			);
			path = textures;
			sourceTree = "<group>";
		};
		3368E744298EB1970074B885 /* shaders */ = {
			isa = PBXGroup;
			children = (
				3368E745298EB1C80074B885 /* sprite.vs */,
				3368E747298EB1EF0074B885 /* sprite.frag */,
			);
			path = shaders;
			sourceTree = "<group>";
		};
		3368E750298EFDAA0074B885 /* game */ = {
			isa = PBXGroup;
			children = (
				3368E733298DB7540074B885 /* game.cpp */,
				3368E734298DB7540074B885 /* game.h */,
				3368E74D298EF9810074B885 /* GameObject.cpp */,
				3368E74E298EF9810074B885 /* GameObject.hpp */,
				3368E736298DB7AF0074B885 /* resource_manager.cpp */,
				3368E737298DB7AF0074B885 /* resource_manager.h */,
				3368E754298EFE3D0074B885 /* GameLevel.cpp */,
				3368E755298EFE3D0074B885 /* GameLevel.hpp */,
			);
			path = game;
			sourceTree = "<group>";
		};
		3368E751298EFDB00074B885 /* rendering */ = {
			isa = PBXGroup;
			children = (
				3368E73C298DB8560074B885 /* shader.cpp */,
				3368E73D298DB8560074B885 /* shader.h */,
				3368E740298EABEB0074B885 /* sprite_renderer.cpp */,
				3368E741298EABEB0074B885 /* sprite_renderer.h */,
				3368E73F298DB8CC0074B885 /* stb_image.h */,
				3368E739298DB82F0074B885 /* texture.cpp */,
				3368E73A298DB82F0074B885 /* texture.h */,
			);
			path = rendering;
			sourceTree = "<group>";
		};
		3368E752298EFDBE0074B885 /* window */ = {
			isa = PBXGroup;
			children = (
				3368E728298438320074B885 /* Window.hpp */,
				3368E72B29843D3C0074B885 /* WindowManager.cpp */,
				3368E72C29843D3C0074B885 /* WindowManager.hpp */,
			);
			path = window;
			sourceTree = "<group>";
		};
		3368E759298EFFCA0074B885 /* levels */ = {
			isa = PBXGroup;
			children = (
				3368E75A298EFFEB0074B885 /* one.lvl */,
				3368E75C298F01710074B885 /* two.lvl */,
				3368E75D298F018B0074B885 /* three.lvl */,
				3368E75E298F019F0074B885 /* four.lvl */,
			);
			path = levels;
			sourceTree = "<group>";
		};
/* End PBXGroup section */

/* Begin PBXNativeTarget section */
		330199B32980B4CF000CE96E /* Game-Thing */ = {
			isa = PBXNativeTarget;
			buildConfigurationList = 330199BB2980B4CF000CE96E /* Build configuration list for PBXNativeTarget "Game-Thing" */;
			buildPhases = (
				330199B12980B4CF000CE96E /* Frameworks */,
				330199B22980B4CF000CE96E /* CopyFiles */,
				3368E724298213B80074B885 /* Embed Libraries */,
				330199B02980B4CF000CE96E /* Sources */,
			);
			buildRules = (
			);
			dependencies = (
			);
			name = "Game-Thing";
			productName = "Game-Thing";
			productReference = 330199B42980B4CF000CE96E /* Game-Thing */;
			productType = "com.apple.product-type.tool";
		};
/* End PBXNativeTarget section */

/* Begin PBXProject section */
		330199AC2980B4CF000CE96E /* Project object */ = {
			isa = PBXProject;
			attributes = {
				BuildIndependentTargetsInParallel = 1;
				LastUpgradeCheck = 1330;
				TargetAttributes = {
					330199B32980B4CF000CE96E = {
						CreatedOnToolsVersion = 13.3;
					};
				};
			};
			buildConfigurationList = 330199AF2980B4CF000CE96E /* Build configuration list for PBXProject "Game-Thing" */;
			compatibilityVersion = "Xcode 13.0";
			developmentRegion = en;
			hasScannedForEncodings = 0;
			knownRegions = (
				en,
				Base,
			);
			mainGroup = 330199AB2980B4CF000CE96E;
			productRefGroup = 330199B52980B4CF000CE96E /* Products */;
			projectDirPath = "";
			projectRoot = "";
			targets = (
				330199B32980B4CF000CE96E /* Game-Thing */,
			);
		};
/* End PBXProject section */

/* Begin PBXSourcesBuildPhase section */
		330199B02980B4CF000CE96E /* Sources */ = {
			isa = PBXSourcesBuildPhase;
			buildActionMask = 2147483647;
			files = (
				3368E756298EFE3D0074B885 /* GameLevel.cpp in Sources */,
				3368E73E298DB8560074B885 /* shader.cpp in Sources */,
				3368E746298EB1C80074B885 /* sprite.vs in Sources */,
				3368E74F298EF9810074B885 /* GameObject.cpp in Sources */,
				3368E748298EB1EF0074B885 /* sprite.frag in Sources */,
				3368E742298EABEB0074B885 /* sprite_renderer.cpp in Sources */,
				330199B82980B4CF000CE96E /* main.cpp in Sources */,
				3368E7272982155D0074B885 /* glad.c in Sources */,
				3368E738298DB7AF0074B885 /* resource_manager.cpp in Sources */,
				3368E73B298DB82F0074B885 /* texture.cpp in Sources */,
				3368E72D29843D3C0074B885 /* WindowManager.cpp in Sources */,
				3368E735298DB7540074B885 /* game.cpp in Sources */,
			);
			runOnlyForDeploymentPostprocessing = 0;
		};
/* End PBXSourcesBuildPhase section */

/* Begin XCBuildConfiguration section */
		330199B92980B4CF000CE96E /* Debug */ = {
			isa = XCBuildConfiguration;
			buildSettings = {
				ALWAYS_SEARCH_USER_PATHS = NO;
				CLANG_ANALYZER_NONNULL = YES;
				CLANG_ANALYZER_NUMBER_OBJECT_CONVERSION = YES_AGGRESSIVE;
				CLANG_CXX_LANGUAGE_STANDARD = "gnu++17";
				CLANG_ENABLE_MODULES = YES;
				CLANG_ENABLE_OBJC_ARC = YES;
				CLANG_ENABLE_OBJC_WEAK = YES;
				CLANG_WARN_BLOCK_CAPTURE_AUTORELEASING = YES;
				CLANG_WARN_BOOL_CONVERSION = YES;
				CLANG_WARN_COMMA = YES;
				CLANG_WARN_CONSTANT_CONVERSION = YES;
				CLANG_WARN_DEPRECATED_OBJC_IMPLEMENTATIONS = YES;
				CLANG_WARN_DIRECT_OBJC_ISA_USAGE = YES_ERROR;
				CLANG_WARN_DOCUMENTATION_COMMENTS = YES;
				CLANG_WARN_EMPTY_BODY = YES;
				CLANG_WARN_ENUM_CONVERSION = YES;
				CLANG_WARN_INFINITE_RECURSION = YES;
				CLANG_WARN_INT_CONVERSION = YES;
				CLANG_WARN_NON_LITERAL_NULL_CONVERSION = YES;
				CLANG_WARN_OBJC_IMPLICIT_RETAIN_SELF = YES;
				CLANG_WARN_OBJC_LITERAL_CONVERSION = YES;
				CLANG_WARN_OBJC_ROOT_CLASS = YES_ERROR;
				CLANG_WARN_QUOTED_INCLUDE_IN_FRAMEWORK_HEADER = YES;
				CLANG_WARN_RANGE_LOOP_ANALYSIS = YES;
				CLANG_WARN_STRICT_PROTOTYPES = YES;
				CLANG_WARN_SUSPICIOUS_MOVE = YES;
				CLANG_WARN_UNGUARDED_AVAILABILITY = YES_AGGRESSIVE;
				CLANG_WARN_UNREACHABLE_CODE = YES;
				CLANG_WARN__DUPLICATE_METHOD_MATCH = YES;
				COPY_PHASE_STRIP = NO;
				DEBUG_INFORMATION_FORMAT = dwarf;
				ENABLE_STRICT_OBJC_MSGSEND = YES;
				ENABLE_TESTABILITY = YES;
				GCC_C_LANGUAGE_STANDARD = gnu11;
				GCC_DYNAMIC_NO_PIC = NO;
				GCC_NO_COMMON_BLOCKS = YES;
				GCC_OPTIMIZATION_LEVEL = 0;
				GCC_PREPROCESSOR_DEFINITIONS = (
					"DEBUG=1",
					"$(inherited)",
				);
				GCC_WARN_64_TO_32_BIT_CONVERSION = YES;
				GCC_WARN_ABOUT_RETURN_TYPE = YES_ERROR;
				GCC_WARN_UNDECLARED_SELECTOR = YES;
				GCC_WARN_UNINITIALIZED_AUTOS = YES_AGGRESSIVE;
				GCC_WARN_UNUSED_FUNCTION = YES;
				GCC_WARN_UNUSED_VARIABLE = YES;
				MACOSX_DEPLOYMENT_TARGET = 12.3;
				MTL_ENABLE_DEBUG_INFO = INCLUDE_SOURCE;
				MTL_FAST_MATH = YES;
				ONLY_ACTIVE_ARCH = YES;
				SDKROOT = macosx;
			};
			name = Debug;
		};
		330199BA2980B4CF000CE96E /* Release */ = {
			isa = XCBuildConfiguration;
			buildSettings = {
				ALWAYS_SEARCH_USER_PATHS = NO;
				CLANG_ANALYZER_NONNULL = YES;
				CLANG_ANALYZER_NUMBER_OBJECT_CONVERSION = YES_AGGRESSIVE;
				CLANG_CXX_LANGUAGE_STANDARD = "gnu++17";
				CLANG_ENABLE_MODULES = YES;
				CLANG_ENABLE_OBJC_ARC = YES;
				CLANG_ENABLE_OBJC_WEAK = YES;
				CLANG_WARN_BLOCK_CAPTURE_AUTORELEASING = YES;
				CLANG_WARN_BOOL_CONVERSION = YES;
				CLANG_WARN_COMMA = YES;
				CLANG_WARN_CONSTANT_CONVERSION = YES;
				CLANG_WARN_DEPRECATED_OBJC_IMPLEMENTATIONS = YES;
				CLANG_WARN_DIRECT_OBJC_ISA_USAGE = YES_ERROR;
				CLANG_WARN_DOCUMENTATION_COMMENTS = YES;
				CLANG_WARN_EMPTY_BODY = YES;
				CLANG_WARN_ENUM_CONVERSION = YES;
				CLANG_WARN_INFINITE_RECURSION = YES;
				CLANG_WARN_INT_CONVERSION = YES;
				CLANG_WARN_NON_LITERAL_NULL_CONVERSION = YES;
				CLANG_WARN_OBJC_IMPLICIT_RETAIN_SELF = YES;
				CLANG_WARN_OBJC_LITERAL_CONVERSION = YES;
				CLANG_WARN_OBJC_ROOT_CLASS = YES_ERROR;
				CLANG_WARN_QUOTED_INCLUDE_IN_FRAMEWORK_HEADER = YES;
				CLANG_WARN_RANGE_LOOP_ANALYSIS = YES;
				CLANG_WARN_STRICT_PROTOTYPES = YES;
				CLANG_WARN_SUSPICIOUS_MOVE = YES;
				CLANG_WARN_UNGUARDED_AVAILABILITY = YES_AGGRESSIVE;
				CLANG_WARN_UNREACHABLE_CODE = YES;
				CLANG_WARN__DUPLICATE_METHOD_MATCH = YES;
				COPY_PHASE_STRIP = NO;
				DEBUG_INFORMATION_FORMAT = "dwarf-with-dsym";
				ENABLE_NS_ASSERTIONS = NO;
				ENABLE_STRICT_OBJC_MSGSEND = YES;
				GCC_C_LANGUAGE_STANDARD = gnu11;
				GCC_NO_COMMON_BLOCKS = YES;
				GCC_WARN_64_TO_32_BIT_CONVERSION = YES;
				GCC_WARN_ABOUT_RETURN_TYPE = YES_ERROR;
				GCC_WARN_UNDECLARED_SELECTOR = YES;
				GCC_WARN_UNINITIALIZED_AUTOS = YES_AGGRESSIVE;
				GCC_WARN_UNUSED_FUNCTION = YES;
				GCC_WARN_UNUSED_VARIABLE = YES;
				MACOSX_DEPLOYMENT_TARGET = 12.3;
				MTL_ENABLE_DEBUG_INFO = NO;
				MTL_FAST_MATH = YES;
				SDKROOT = macosx;
			};
			name = Release;
		};
		330199BC2980B4CF000CE96E /* Debug */ = {
			isa = XCBuildConfiguration;
			buildSettings = {
				CODE_SIGN_STYLE = Automatic;
				DEVELOPMENT_TEAM = XH7F8TV6LS;
				ENABLE_HARDENED_RUNTIME = YES;
				"HEADER_SEARCH_PATHS[arch=*]" = " /usr/local/include";
				LIBRARY_SEARCH_PATHS = (
					"$(inherited)",
					/usr/local/Cellar/glfw/3.3.8/lib,
					/usr/local/Cellar/glew/2.2.0_1/lib,
				);
				PRODUCT_NAME = "$(TARGET_NAME)";
			};
			name = Debug;
		};
		330199BD2980B4CF000CE96E /* Release */ = {
			isa = XCBuildConfiguration;
			buildSettings = {
				CODE_SIGN_STYLE = Automatic;
				DEVELOPMENT_TEAM = XH7F8TV6LS;
				ENABLE_HARDENED_RUNTIME = YES;
				"HEADER_SEARCH_PATHS[arch=*]" = " /usr/local/include";
				LIBRARY_SEARCH_PATHS = (
					"$(inherited)",
					/usr/local/Cellar/glfw/3.3.8/lib,
					/usr/local/Cellar/glew/2.2.0_1/lib,
				);
				PRODUCT_NAME = "$(TARGET_NAME)";
			};
			name = Release;
		};
/* End XCBuildConfiguration section */

/* Begin XCConfigurationList section */
		330199AF2980B4CF000CE96E /* Build configuration list for PBXProject "Game-Thing" */ = {
			isa = XCConfigurationList;
			buildConfigurations = (
				330199B92980B4CF000CE96E /* Debug */,
				330199BA2980B4CF000CE96E /* Release */,
			);
			defaultConfigurationIsVisible = 0;
			defaultConfigurationName = Release;
		};
		330199BB2980B4CF000CE96E /* Build configuration list for PBXNativeTarget "Game-Thing" */ = {
			isa = XCConfigurationList;
			buildConfigurations = (
				330199BC2980B4CF000CE96E /* Debug */,
				330199BD2980B4CF000CE96E /* Release */,
			);
			defaultConfigurationIsVisible = 0;
			defaultConfigurationName = Release;
		};
/* End XCConfigurationList section */
	};
	rootObject = 330199AC2980B4CF000CE96E /* Project object */;
}
